
Microsoft Visual Studio Solution File, Format Version 12.00
# Visual Studio Version 16
VisualStudioVersion = 16.0.30204.135
MinimumVisualStudioVersion = 15.0.26124.0
Project("{9A19103F-16F7-4668-BE54-9A1E7A4F7556}") = "AkkaNetCancelableLongTask", "AkkaNetCancelableLongTask\AkkaNetCancelableLongTask.csproj", "{85D44194-18C1-4D17-8BDF-B49E959D6E40}"
EndProject
Project("{9A19103F-16F7-4668-BE54-9A1E7A4F7556}") = "AkkaNetCancelableLongTask.Tests", "AkkaNetCancelableLongTask.Tests\AkkaNetCancelableLongTask.Tests.csproj", "{30CAC513-BB05-4E0E-90AC-9DA55C3AE4A8}"
EndProject
Global
	GlobalSection(SolutionConfigurationPlatforms) = preSolution
		Debug|Any CPU = Debug|Any CPU
		Debug|x64 = Debug|x64
		Debug|x86 = Debug|x86
		Release|Any CPU = Release|Any CPU
		Release|x64 = Release|x64
		Release|x86 = Release|x86
	EndGlobalSection
	GlobalSection(ProjectConfigurationPlatforms) = postSolution
		{85D44194-18C1-4D17-8BDF-B49E959D6E40}.Debug|Any CPU.ActiveCfg = Debug|Any CPU
		{85D44194-18C1-4D17-8BDF-B49E959D6E40}.Debug|Any CPU.Build.0 = Debug|Any CPU
		{85D44194-18C1-4D17-8BDF-B49E959D6E40}.Debug|x64.ActiveCfg = Debug|Any CPU
		{85D44194-18C1-4D17-8BDF-B49E959D6E40}.Debug|x64.Build.0 = Debug|Any CPU
		{85D44194-18C1-4D17-8BDF-B49E959D6E40}.Debug|x86.ActiveCfg = Debug|Any CPU
		{85D44194-18C1-4D17-8BDF-B49E959D6E40}.Debug|x86.Build.0 = Debug|Any CPU
		{85D44194-18C1-4D17-8BDF-B49E959D6E40}.Release|Any CPU.ActiveCfg = Release|Any CPU
		{85D44194-18C1-4D17-8BDF-B49E959D6E40}.Release|Any CPU.Build.0 = Release|Any CPU
		{85D44194-18C1-4D17-8BDF-B49E959D6E40}.Release|x64.ActiveCfg = Release|Any CPU
		{85D44194-18C1-4D17-8BDF-B49E959D6E40}.Release|x64.Build.0 = Release|Any CPU
		{85D44194-18C1-4D17-8BDF-B49E959D6E40}.Release|x86.ActiveCfg = Release|Any CPU
		{85D44194-18C1-4D17-8BDF-B49E959D6E40}.Release|x86.Build.0 = Release|Any CPU
		{30CAC513-BB05-4E0E-90AC-9DA55C3AE4A8}.Debug|Any CPU.ActiveCfg = Debug|Any CPU
		{30CAC513-BB05-4E0E-90AC-9DA55C3AE4A8}.Debug|Any CPU.Build.0 = Debug|Any CPU
		{30CAC513-BB05-4E0E-90AC-9DA55C3AE4A8}.Debug|x64.ActiveCfg = Debug|Any CPU
		{30CAC513-BB05-4E0E-90AC-9DA55C3AE4A8}.Debug|x64.Build.0 = Debug|Any CPU
		{30CAC513-BB05-4E0E-90AC-9DA55C3AE4A8}.Debug|x86.ActiveCfg = Debug|Any CPU
		{30CAC513-BB05-4E0E-90AC-9DA55C3AE4A8}.Debug|x86.Build.0 = Debug|Any CPU
		{30CAC513-BB05-4E0E-90AC-9DA55C3AE4A8}.Release|Any CPU.ActiveCfg = Release|Any CPU
		{30CAC513-BB05-4E0E-90AC-9DA55C3AE4A8}.Release|Any CPU.Build.0 = Release|Any CPU
		{30CAC513-BB05-4E0E-90AC-9DA55C3AE4A8}.Release|x64.ActiveCfg = Release|Any CPU
		{30CAC513-BB05-4E0E-90AC-9DA55C3AE4A8}.Release|x64.Build.0 = Release|Any CPU
		{30CAC513-BB05-4E0E-90AC-9DA55C3AE4A8}.Release|x86.ActiveCfg = Release|Any CPU
		{30CAC513-BB05-4E0E-90AC-9DA55C3AE4A8}.Release|x86.Build.0 = Release|Any CPU
	EndGlobalSection
	GlobalSection(SolutionProperties) = preSolution
		HideSolutionNode = FALSE
	EndGlobalSection
	GlobalSection(ExtensibilityGlobals) = postSolution
		SolutionGuid = {D3EAABCE-FE4A-467A-B821-52768C36073F}
	EndGlobalSection
EndGlobal
